
Microsoft Visual Studio Solution File, Format Version 12.00
# Visual Studio Version 17
VisualStudioVersion = 17.9.34607.119
MinimumVisualStudioVersion = 10.0.40219.1
Project("{FAE04EC0-301F-11D3-BF4B-00C04F79EFBC}") = "zad3", "zad3\zad3.csproj", "{94D6E403-7182-4C0E-A36D-AE3698D3C7F6}"
EndProject
Global
	GlobalSection(SolutionConfigurationPlatforms) = preSolution
		Debug|Any CPU = Debug|Any CPU
		Release|Any CPU = Release|Any CPU
	EndGlobalSection
	GlobalSection(ProjectConfigurationPlatforms) = postSolution
		{94D6E403-7182-4C0E-A36D-AE3698D3C7F6}.Debug|Any CPU.ActiveCfg = Debug|Any CPU
		{94D6E403-7182-4C0E-A36D-AE3698D3C7F6}.Debug|Any CPU.Build.0 = Debug|Any CPU
		{94D6E403-7182-4C0E-A36D-AE3698D3C7F6}.Release|Any CPU.ActiveCfg = Release|Any CPU
		{94D6E403-7182-4C0E-A36D-AE3698D3C7F6}.Release|Any CPU.Build.0 = Release|Any CPU
	EndGlobalSection
	GlobalSection(SolutionProperties) = preSolution
		HideSolutionNode = FALSE
	EndGlobalSection
	GlobalSection(ExtensibilityGlobals) = postSolution
		SolutionGuid = {DC84B56C-ECD1-4460-BE2B-E2DC9236AF94}
	EndGlobalSection
EndGlobal
