
Microsoft Visual Studio Solution File, Format Version 12.00
# Visual Studio Version 17
VisualStudioVersion = 17.9.34607.119
MinimumVisualStudioVersion = 10.0.40219.1
Project("{FAE04EC0-301F-11D3-BF4B-00C04F79EFBC}") = "zad1", "zad1\zad1.csproj", "{4CEA26B3-76C2-4A10-847A-645B6FC710DE}"
EndProject
Project("{FAE04EC0-301F-11D3-BF4B-00C04F79EFBC}") = "zad2", "zad2\zad2.csproj", "{5527E2C4-93B7-466E-965F-AA9528F05FE6}"
EndProject
Global
	GlobalSection(SolutionConfigurationPlatforms) = preSolution
		Debug|Any CPU = Debug|Any CPU
		Release|Any CPU = Release|Any CPU
	EndGlobalSection
	GlobalSection(ProjectConfigurationPlatforms) = postSolution
		{4CEA26B3-76C2-4A10-847A-645B6FC710DE}.Debug|Any CPU.ActiveCfg = Debug|Any CPU
		{4CEA26B3-76C2-4A10-847A-645B6FC710DE}.Debug|Any CPU.Build.0 = Debug|Any CPU
		{4CEA26B3-76C2-4A10-847A-645B6FC710DE}.Release|Any CPU.ActiveCfg = Release|Any CPU
		{4CEA26B3-76C2-4A10-847A-645B6FC710DE}.Release|Any CPU.Build.0 = Release|Any CPU
		{5527E2C4-93B7-466E-965F-AA9528F05FE6}.Debug|Any CPU.ActiveCfg = Debug|Any CPU
		{5527E2C4-93B7-466E-965F-AA9528F05FE6}.Debug|Any CPU.Build.0 = Debug|Any CPU
		{5527E2C4-93B7-466E-965F-AA9528F05FE6}.Release|Any CPU.ActiveCfg = Release|Any CPU
		{5527E2C4-93B7-466E-965F-AA9528F05FE6}.Release|Any CPU.Build.0 = Release|Any CPU
	EndGlobalSection
	GlobalSection(SolutionProperties) = preSolution
		HideSolutionNode = FALSE
	EndGlobalSection
	GlobalSection(ExtensibilityGlobals) = postSolution
		SolutionGuid = {4C4A42CB-A6A2-497F-B05B-2F9382C9E27A}
	EndGlobalSection
EndGlobal
