
Microsoft Visual Studio Solution File, Format Version 12.00
# Visual Studio Version 17
VisualStudioVersion = 17.9.34607.119
MinimumVisualStudioVersion = 10.0.40219.1
Project("{FAE04EC0-301F-11D3-BF4B-00C04F79EFBC}") = "zad1", "zad1\zad1.csproj", "{5E0EAC50-78AC-4C4A-9C29-FA9D31EDEC81}"
EndProject
Project("{FAE04EC0-301F-11D3-BF4B-00C04F79EFBC}") = "zad2", "zad2\zad2.csproj", "{10A89956-CA44-43C4-A661-A5D83814CBF3}"
EndProject
Project("{FAE04EC0-301F-11D3-BF4B-00C04F79EFBC}") = "zad3", "zad3\zad3.csproj", "{70235B58-63FA-4461-8FCE-78F92E51C276}"
EndProject
Project("{FAE04EC0-301F-11D3-BF4B-00C04F79EFBC}") = "zad4", "zad4\zad4.csproj", "{0F532A85-F4DF-4D0A-8B50-1AB751C8ADEC}"
EndProject
Global
	GlobalSection(SolutionConfigurationPlatforms) = preSolution
		Debug|Any CPU = Debug|Any CPU
		Release|Any CPU = Release|Any CPU
	EndGlobalSection
	GlobalSection(ProjectConfigurationPlatforms) = postSolution
		{5E0EAC50-78AC-4C4A-9C29-FA9D31EDEC81}.Debug|Any CPU.ActiveCfg = Debug|Any CPU
		{5E0EAC50-78AC-4C4A-9C29-FA9D31EDEC81}.Debug|Any CPU.Build.0 = Debug|Any CPU
		{5E0EAC50-78AC-4C4A-9C29-FA9D31EDEC81}.Release|Any CPU.ActiveCfg = Release|Any CPU
		{5E0EAC50-78AC-4C4A-9C29-FA9D31EDEC81}.Release|Any CPU.Build.0 = Release|Any CPU
		{10A89956-CA44-43C4-A661-A5D83814CBF3}.Debug|Any CPU.ActiveCfg = Debug|Any CPU
		{10A89956-CA44-43C4-A661-A5D83814CBF3}.Debug|Any CPU.Build.0 = Debug|Any CPU
		{10A89956-CA44-43C4-A661-A5D83814CBF3}.Release|Any CPU.ActiveCfg = Release|Any CPU
		{10A89956-CA44-43C4-A661-A5D83814CBF3}.Release|Any CPU.Build.0 = Release|Any CPU
		{70235B58-63FA-4461-8FCE-78F92E51C276}.Debug|Any CPU.ActiveCfg = Debug|Any CPU
		{70235B58-63FA-4461-8FCE-78F92E51C276}.Debug|Any CPU.Build.0 = Debug|Any CPU
		{70235B58-63FA-4461-8FCE-78F92E51C276}.Release|Any CPU.ActiveCfg = Release|Any CPU
		{70235B58-63FA-4461-8FCE-78F92E51C276}.Release|Any CPU.Build.0 = Release|Any CPU
		{0F532A85-F4DF-4D0A-8B50-1AB751C8ADEC}.Debug|Any CPU.ActiveCfg = Debug|Any CPU
		{0F532A85-F4DF-4D0A-8B50-1AB751C8ADEC}.Debug|Any CPU.Build.0 = Debug|Any CPU
		{0F532A85-F4DF-4D0A-8B50-1AB751C8ADEC}.Release|Any CPU.ActiveCfg = Release|Any CPU
		{0F532A85-F4DF-4D0A-8B50-1AB751C8ADEC}.Release|Any CPU.Build.0 = Release|Any CPU
	EndGlobalSection
	GlobalSection(SolutionProperties) = preSolution
		HideSolutionNode = FALSE
	EndGlobalSection
	GlobalSection(ExtensibilityGlobals) = postSolution
		SolutionGuid = {CE08E644-FE33-4678-B6D5-C58A0741E057}
	EndGlobalSection
EndGlobal
