
Microsoft Visual Studio Solution File, Format Version 12.00
# Visual Studio Version 17
VisualStudioVersion = 17.9.34607.119
MinimumVisualStudioVersion = 10.0.40219.1
Project("{FAE04EC0-301F-11D3-BF4B-00C04F79EFBC}") = "zad1", "zad1\zad1.csproj", "{F0B8851C-71B6-4602-8295-9C9DDDA1185D}"
EndProject
Project("{FAE04EC0-301F-11D3-BF4B-00C04F79EFBC}") = "zad2", "zad2\zad2.csproj", "{0A6A6565-ABC5-408C-A18D-DF5486EE9844}"
EndProject
Project("{FAE04EC0-301F-11D3-BF4B-00C04F79EFBC}") = "zad3", "zad3\zad3.csproj", "{D97A781D-7B3D-4B5F-8CE3-1F1DBCEB977D}"
EndProject
Project("{FAE04EC0-301F-11D3-BF4B-00C04F79EFBC}") = "zad4", "zad4\zad4.csproj", "{193101A3-D7E2-4B29-92E7-E41529B6EE53}"
EndProject
Project("{FAE04EC0-301F-11D3-BF4B-00C04F79EFBC}") = "zad5", "zad5\zad5.csproj", "{32762EDD-7348-4661-8A81-97C72E44DF87}"
EndProject
Project("{FAE04EC0-301F-11D3-BF4B-00C04F79EFBC}") = "dopzad", "dopzad\dopzad.csproj", "{80CA5615-136F-4FC2-AB01-EDF428EDDC43}"
EndProject
Global
	GlobalSection(SolutionConfigurationPlatforms) = preSolution
		Debug|Any CPU = Debug|Any CPU
		Release|Any CPU = Release|Any CPU
	EndGlobalSection
	GlobalSection(ProjectConfigurationPlatforms) = postSolution
		{F0B8851C-71B6-4602-8295-9C9DDDA1185D}.Debug|Any CPU.ActiveCfg = Debug|Any CPU
		{F0B8851C-71B6-4602-8295-9C9DDDA1185D}.Debug|Any CPU.Build.0 = Debug|Any CPU
		{F0B8851C-71B6-4602-8295-9C9DDDA1185D}.Release|Any CPU.ActiveCfg = Release|Any CPU
		{F0B8851C-71B6-4602-8295-9C9DDDA1185D}.Release|Any CPU.Build.0 = Release|Any CPU
		{0A6A6565-ABC5-408C-A18D-DF5486EE9844}.Debug|Any CPU.ActiveCfg = Debug|Any CPU
		{0A6A6565-ABC5-408C-A18D-DF5486EE9844}.Debug|Any CPU.Build.0 = Debug|Any CPU
		{0A6A6565-ABC5-408C-A18D-DF5486EE9844}.Release|Any CPU.ActiveCfg = Release|Any CPU
		{0A6A6565-ABC5-408C-A18D-DF5486EE9844}.Release|Any CPU.Build.0 = Release|Any CPU
		{D97A781D-7B3D-4B5F-8CE3-1F1DBCEB977D}.Debug|Any CPU.ActiveCfg = Debug|Any CPU
		{D97A781D-7B3D-4B5F-8CE3-1F1DBCEB977D}.Debug|Any CPU.Build.0 = Debug|Any CPU
		{D97A781D-7B3D-4B5F-8CE3-1F1DBCEB977D}.Release|Any CPU.ActiveCfg = Release|Any CPU
		{D97A781D-7B3D-4B5F-8CE3-1F1DBCEB977D}.Release|Any CPU.Build.0 = Release|Any CPU
		{193101A3-D7E2-4B29-92E7-E41529B6EE53}.Debug|Any CPU.ActiveCfg = Debug|Any CPU
		{193101A3-D7E2-4B29-92E7-E41529B6EE53}.Debug|Any CPU.Build.0 = Debug|Any CPU
		{193101A3-D7E2-4B29-92E7-E41529B6EE53}.Release|Any CPU.ActiveCfg = Release|Any CPU
		{193101A3-D7E2-4B29-92E7-E41529B6EE53}.Release|Any CPU.Build.0 = Release|Any CPU
		{32762EDD-7348-4661-8A81-97C72E44DF87}.Debug|Any CPU.ActiveCfg = Debug|Any CPU
		{32762EDD-7348-4661-8A81-97C72E44DF87}.Debug|Any CPU.Build.0 = Debug|Any CPU
		{32762EDD-7348-4661-8A81-97C72E44DF87}.Release|Any CPU.ActiveCfg = Release|Any CPU
		{32762EDD-7348-4661-8A81-97C72E44DF87}.Release|Any CPU.Build.0 = Release|Any CPU
		{80CA5615-136F-4FC2-AB01-EDF428EDDC43}.Debug|Any CPU.ActiveCfg = Debug|Any CPU
		{80CA5615-136F-4FC2-AB01-EDF428EDDC43}.Debug|Any CPU.Build.0 = Debug|Any CPU
		{80CA5615-136F-4FC2-AB01-EDF428EDDC43}.Release|Any CPU.ActiveCfg = Release|Any CPU
		{80CA5615-136F-4FC2-AB01-EDF428EDDC43}.Release|Any CPU.Build.0 = Release|Any CPU
	EndGlobalSection
	GlobalSection(SolutionProperties) = preSolution
		HideSolutionNode = FALSE
	EndGlobalSection
	GlobalSection(ExtensibilityGlobals) = postSolution
		SolutionGuid = {ADF56925-D3C0-42A2-8A7D-4CE4AF3D7776}
	EndGlobalSection
EndGlobal
