
Microsoft Visual Studio Solution File, Format Version 12.00
# Visual Studio Version 17
VisualStudioVersion = 17.9.34607.119
MinimumVisualStudioVersion = 10.0.40219.1
Project("{9A19103F-16F7-4668-BE54-9A1E7A4F7556}") = "zad1", "zad1\zad1.csproj", "{8DB41E8E-1672-4D7C-A7E3-A66DA4D6B23E}"
EndProject
Project("{9A19103F-16F7-4668-BE54-9A1E7A4F7556}") = "zad2", "zad2\zad2.csproj", "{54959A84-62DF-489F-BFD8-3001516C0B06}"
EndProject
Project("{9A19103F-16F7-4668-BE54-9A1E7A4F7556}") = "zad3", "zad3\zad3.csproj", "{4405B096-7120-4ED3-8DE7-2079301E80CA}"
EndProject
Project("{FAE04EC0-301F-11D3-BF4B-00C04F79EFBC}") = "zad4", "zad4\zad4.csproj", "{86077B93-8DDD-47A8-8FBC-9FDDEDEE081E}"
EndProject
Global
	GlobalSection(SolutionConfigurationPlatforms) = preSolution
		Debug|Any CPU = Debug|Any CPU
		Release|Any CPU = Release|Any CPU
	EndGlobalSection
	GlobalSection(ProjectConfigurationPlatforms) = postSolution
		{8DB41E8E-1672-4D7C-A7E3-A66DA4D6B23E}.Debug|Any CPU.ActiveCfg = Debug|Any CPU
		{8DB41E8E-1672-4D7C-A7E3-A66DA4D6B23E}.Debug|Any CPU.Build.0 = Debug|Any CPU
		{8DB41E8E-1672-4D7C-A7E3-A66DA4D6B23E}.Release|Any CPU.ActiveCfg = Release|Any CPU
		{8DB41E8E-1672-4D7C-A7E3-A66DA4D6B23E}.Release|Any CPU.Build.0 = Release|Any CPU
		{54959A84-62DF-489F-BFD8-3001516C0B06}.Debug|Any CPU.ActiveCfg = Debug|Any CPU
		{54959A84-62DF-489F-BFD8-3001516C0B06}.Debug|Any CPU.Build.0 = Debug|Any CPU
		{54959A84-62DF-489F-BFD8-3001516C0B06}.Release|Any CPU.ActiveCfg = Release|Any CPU
		{54959A84-62DF-489F-BFD8-3001516C0B06}.Release|Any CPU.Build.0 = Release|Any CPU
		{4405B096-7120-4ED3-8DE7-2079301E80CA}.Debug|Any CPU.ActiveCfg = Debug|Any CPU
		{4405B096-7120-4ED3-8DE7-2079301E80CA}.Debug|Any CPU.Build.0 = Debug|Any CPU
		{4405B096-7120-4ED3-8DE7-2079301E80CA}.Release|Any CPU.ActiveCfg = Release|Any CPU
		{4405B096-7120-4ED3-8DE7-2079301E80CA}.Release|Any CPU.Build.0 = Release|Any CPU
		{86077B93-8DDD-47A8-8FBC-9FDDEDEE081E}.Debug|Any CPU.ActiveCfg = Debug|Any CPU
		{86077B93-8DDD-47A8-8FBC-9FDDEDEE081E}.Debug|Any CPU.Build.0 = Debug|Any CPU
		{86077B93-8DDD-47A8-8FBC-9FDDEDEE081E}.Release|Any CPU.ActiveCfg = Release|Any CPU
		{86077B93-8DDD-47A8-8FBC-9FDDEDEE081E}.Release|Any CPU.Build.0 = Release|Any CPU
	EndGlobalSection
	GlobalSection(SolutionProperties) = preSolution
		HideSolutionNode = FALSE
	EndGlobalSection
	GlobalSection(ExtensibilityGlobals) = postSolution
		SolutionGuid = {DC51E89B-CCF4-4995-A5A3-21EE41D65272}
	EndGlobalSection
EndGlobal
