
Microsoft Visual Studio Solution File, Format Version 12.00
# Visual Studio Version 17
VisualStudioVersion = 17.9.34607.119
MinimumVisualStudioVersion = 10.0.40219.1
Project("{FAE04EC0-301F-11D3-BF4B-00C04F79EFBC}") = "zad1", "zad1\zad1.csproj", "{7607C2C7-BE9A-4F81-9D90-49831BAFAFBE}"
EndProject
Project("{FAE04EC0-301F-11D3-BF4B-00C04F79EFBC}") = "zad2", "zad2\zad2.csproj", "{4650DFDD-EA10-40B9-BFB4-B49EF808FEDC}"
EndProject
Project("{FAE04EC0-301F-11D3-BF4B-00C04F79EFBC}") = "zad3", "zad3\zad3.csproj", "{1BB2E178-2138-48C2-B935-B34D2CCEC817}"
EndProject
Global
	GlobalSection(SolutionConfigurationPlatforms) = preSolution
		Debug|Any CPU = Debug|Any CPU
		Release|Any CPU = Release|Any CPU
	EndGlobalSection
	GlobalSection(ProjectConfigurationPlatforms) = postSolution
		{7607C2C7-BE9A-4F81-9D90-49831BAFAFBE}.Debug|Any CPU.ActiveCfg = Debug|Any CPU
		{7607C2C7-BE9A-4F81-9D90-49831BAFAFBE}.Debug|Any CPU.Build.0 = Debug|Any CPU
		{7607C2C7-BE9A-4F81-9D90-49831BAFAFBE}.Release|Any CPU.ActiveCfg = Release|Any CPU
		{7607C2C7-BE9A-4F81-9D90-49831BAFAFBE}.Release|Any CPU.Build.0 = Release|Any CPU
		{4650DFDD-EA10-40B9-BFB4-B49EF808FEDC}.Debug|Any CPU.ActiveCfg = Debug|Any CPU
		{4650DFDD-EA10-40B9-BFB4-B49EF808FEDC}.Debug|Any CPU.Build.0 = Debug|Any CPU
		{4650DFDD-EA10-40B9-BFB4-B49EF808FEDC}.Release|Any CPU.ActiveCfg = Release|Any CPU
		{4650DFDD-EA10-40B9-BFB4-B49EF808FEDC}.Release|Any CPU.Build.0 = Release|Any CPU
		{1BB2E178-2138-48C2-B935-B34D2CCEC817}.Debug|Any CPU.ActiveCfg = Debug|Any CPU
		{1BB2E178-2138-48C2-B935-B34D2CCEC817}.Debug|Any CPU.Build.0 = Debug|Any CPU
		{1BB2E178-2138-48C2-B935-B34D2CCEC817}.Release|Any CPU.ActiveCfg = Release|Any CPU
		{1BB2E178-2138-48C2-B935-B34D2CCEC817}.Release|Any CPU.Build.0 = Release|Any CPU
	EndGlobalSection
	GlobalSection(SolutionProperties) = preSolution
		HideSolutionNode = FALSE
	EndGlobalSection
	GlobalSection(ExtensibilityGlobals) = postSolution
		SolutionGuid = {EA102F54-21A5-465F-BFAF-F6AF97850FC7}
	EndGlobalSection
EndGlobal
