
Microsoft Visual Studio Solution File, Format Version 12.00
# Visual Studio Version 17
VisualStudioVersion = 17.9.34607.119
MinimumVisualStudioVersion = 10.0.40219.1
Project("{FAE04EC0-301F-11D3-BF4B-00C04F79EFBC}") = "zad1", "zad1\zad1.csproj", "{E3DFD74D-8657-465B-B901-C3F3B6C0F6EF}"
EndProject
Project("{FAE04EC0-301F-11D3-BF4B-00C04F79EFBC}") = "zad2", "zad2\zad2.csproj", "{77323FD9-AE90-4D0D-A370-A5B0DC399809}"
EndProject
Project("{FAE04EC0-301F-11D3-BF4B-00C04F79EFBC}") = "zad3", "zad3\zad3.csproj", "{543DAE2E-1568-4A7F-A1AE-66679B752AB1}"
EndProject
Project("{FAE04EC0-301F-11D3-BF4B-00C04F79EFBC}") = "zad4", "zad4\zad4.csproj", "{518E28E8-97D3-432D-9C8E-2F0CCA45D50A}"
EndProject
Global
	GlobalSection(SolutionConfigurationPlatforms) = preSolution
		Debug|Any CPU = Debug|Any CPU
		Release|Any CPU = Release|Any CPU
	EndGlobalSection
	GlobalSection(ProjectConfigurationPlatforms) = postSolution
		{E3DFD74D-8657-465B-B901-C3F3B6C0F6EF}.Debug|Any CPU.ActiveCfg = Debug|Any CPU
		{E3DFD74D-8657-465B-B901-C3F3B6C0F6EF}.Debug|Any CPU.Build.0 = Debug|Any CPU
		{E3DFD74D-8657-465B-B901-C3F3B6C0F6EF}.Release|Any CPU.ActiveCfg = Release|Any CPU
		{E3DFD74D-8657-465B-B901-C3F3B6C0F6EF}.Release|Any CPU.Build.0 = Release|Any CPU
		{77323FD9-AE90-4D0D-A370-A5B0DC399809}.Debug|Any CPU.ActiveCfg = Debug|Any CPU
		{77323FD9-AE90-4D0D-A370-A5B0DC399809}.Debug|Any CPU.Build.0 = Debug|Any CPU
		{77323FD9-AE90-4D0D-A370-A5B0DC399809}.Release|Any CPU.ActiveCfg = Release|Any CPU
		{77323FD9-AE90-4D0D-A370-A5B0DC399809}.Release|Any CPU.Build.0 = Release|Any CPU
		{543DAE2E-1568-4A7F-A1AE-66679B752AB1}.Debug|Any CPU.ActiveCfg = Debug|Any CPU
		{543DAE2E-1568-4A7F-A1AE-66679B752AB1}.Debug|Any CPU.Build.0 = Debug|Any CPU
		{543DAE2E-1568-4A7F-A1AE-66679B752AB1}.Release|Any CPU.ActiveCfg = Release|Any CPU
		{543DAE2E-1568-4A7F-A1AE-66679B752AB1}.Release|Any CPU.Build.0 = Release|Any CPU
		{518E28E8-97D3-432D-9C8E-2F0CCA45D50A}.Debug|Any CPU.ActiveCfg = Debug|Any CPU
		{518E28E8-97D3-432D-9C8E-2F0CCA45D50A}.Debug|Any CPU.Build.0 = Debug|Any CPU
		{518E28E8-97D3-432D-9C8E-2F0CCA45D50A}.Release|Any CPU.ActiveCfg = Release|Any CPU
		{518E28E8-97D3-432D-9C8E-2F0CCA45D50A}.Release|Any CPU.Build.0 = Release|Any CPU
	EndGlobalSection
	GlobalSection(SolutionProperties) = preSolution
		HideSolutionNode = FALSE
	EndGlobalSection
	GlobalSection(ExtensibilityGlobals) = postSolution
		SolutionGuid = {F66B2AEA-7B1D-432C-A40B-48BF0E36E134}
	EndGlobalSection
EndGlobal
