
Microsoft Visual Studio Solution File, Format Version 12.00
# Visual Studio Version 17
VisualStudioVersion = 17.9.34607.119
MinimumVisualStudioVersion = 10.0.40219.1
Project("{FAE04EC0-301F-11D3-BF4B-00C04F79EFBC}") = "zad1", "zad1\zad1.csproj", "{13B828DD-C53C-4778-9CCE-A5FE3B4E935C}"
EndProject
Project("{FAE04EC0-301F-11D3-BF4B-00C04F79EFBC}") = "zad2", "zad2\zad2.csproj", "{2BFE88FC-581C-427E-B279-10450F2066C2}"
EndProject
Project("{FAE04EC0-301F-11D3-BF4B-00C04F79EFBC}") = "zad3", "zad3\zad3.csproj", "{1825BDCB-9098-4B99-8D3C-508D7F9A2F6C}"
EndProject
Project("{FAE04EC0-301F-11D3-BF4B-00C04F79EFBC}") = "zad4", "zad4\zad4.csproj", "{D6237744-EF30-43DF-8C2A-BE714EB84D41}"
EndProject
Project("{FAE04EC0-301F-11D3-BF4B-00C04F79EFBC}") = "zad5", "zad5\zad5.csproj", "{D5E28E2F-433E-43E5-AC08-5656E35EB876}"
EndProject
Project("{FAE04EC0-301F-11D3-BF4B-00C04F79EFBC}") = "zad6", "zad6\zad6.csproj", "{86DBA8AD-190B-473D-949E-498FA6210291}"
EndProject
Project("{FAE04EC0-301F-11D3-BF4B-00C04F79EFBC}") = "zad7", "zad7\zad7.csproj", "{53698667-6064-448E-9D22-8E7FE889FFD6}"
EndProject
Project("{FAE04EC0-301F-11D3-BF4B-00C04F79EFBC}") = "zad8", "zad8\zad8.csproj", "{0C4F6303-324F-409F-BCB5-C9F2AE80DB0F}"
EndProject
Project("{FAE04EC0-301F-11D3-BF4B-00C04F79EFBC}") = "zad9", "zad9\zad9.csproj", "{2099B789-78DB-409C-9B27-6EB4121A6CE2}"
EndProject
Project("{FAE04EC0-301F-11D3-BF4B-00C04F79EFBC}") = "zad10", "zad10\zad10.csproj", "{06651BBC-44AA-41D5-B513-AD6DE87EBD0F}"
EndProject
Project("{FAE04EC0-301F-11D3-BF4B-00C04F79EFBC}") = "zad11", "zad11\zad11.csproj", "{DBE591BF-75FC-4142-8A8F-195E3C17A0C4}"
EndProject
Project("{FAE04EC0-301F-11D3-BF4B-00C04F79EFBC}") = "zad12", "zad12\zad12.csproj", "{CEEF87C3-9CBD-46CD-A421-6D57109ED8F3}"
EndProject
Project("{FAE04EC0-301F-11D3-BF4B-00C04F79EFBC}") = "zad13", "zad13\zad13.csproj", "{9B078993-FD51-45AF-AB88-AD95514E315D}"
EndProject
Project("{FAE04EC0-301F-11D3-BF4B-00C04F79EFBC}") = "zad14", "zad14\zad14.csproj", "{B34806DE-08EC-4830-A9F8-2D39B1F7FBB0}"
EndProject
Project("{FAE04EC0-301F-11D3-BF4B-00C04F79EFBC}") = "zad15", "zad15\zad15.csproj", "{086A1067-76F3-4482-84E6-7C5B7E3D35FF}"
EndProject
Project("{FAE04EC0-301F-11D3-BF4B-00C04F79EFBC}") = "zad16", "zad16\zad16.csproj", "{36437CF7-D3A9-4F62-996F-E48FAAB17CA3}"
EndProject
Global
	GlobalSection(SolutionConfigurationPlatforms) = preSolution
		Debug|Any CPU = Debug|Any CPU
		Release|Any CPU = Release|Any CPU
	EndGlobalSection
	GlobalSection(ProjectConfigurationPlatforms) = postSolution
		{13B828DD-C53C-4778-9CCE-A5FE3B4E935C}.Debug|Any CPU.ActiveCfg = Debug|Any CPU
		{13B828DD-C53C-4778-9CCE-A5FE3B4E935C}.Debug|Any CPU.Build.0 = Debug|Any CPU
		{13B828DD-C53C-4778-9CCE-A5FE3B4E935C}.Release|Any CPU.ActiveCfg = Release|Any CPU
		{13B828DD-C53C-4778-9CCE-A5FE3B4E935C}.Release|Any CPU.Build.0 = Release|Any CPU
		{2BFE88FC-581C-427E-B279-10450F2066C2}.Debug|Any CPU.ActiveCfg = Debug|Any CPU
		{2BFE88FC-581C-427E-B279-10450F2066C2}.Debug|Any CPU.Build.0 = Debug|Any CPU
		{2BFE88FC-581C-427E-B279-10450F2066C2}.Release|Any CPU.ActiveCfg = Release|Any CPU
		{2BFE88FC-581C-427E-B279-10450F2066C2}.Release|Any CPU.Build.0 = Release|Any CPU
		{1825BDCB-9098-4B99-8D3C-508D7F9A2F6C}.Debug|Any CPU.ActiveCfg = Debug|Any CPU
		{1825BDCB-9098-4B99-8D3C-508D7F9A2F6C}.Debug|Any CPU.Build.0 = Debug|Any CPU
		{1825BDCB-9098-4B99-8D3C-508D7F9A2F6C}.Release|Any CPU.ActiveCfg = Release|Any CPU
		{1825BDCB-9098-4B99-8D3C-508D7F9A2F6C}.Release|Any CPU.Build.0 = Release|Any CPU
		{D6237744-EF30-43DF-8C2A-BE714EB84D41}.Debug|Any CPU.ActiveCfg = Debug|Any CPU
		{D6237744-EF30-43DF-8C2A-BE714EB84D41}.Debug|Any CPU.Build.0 = Debug|Any CPU
		{D6237744-EF30-43DF-8C2A-BE714EB84D41}.Release|Any CPU.ActiveCfg = Release|Any CPU
		{D6237744-EF30-43DF-8C2A-BE714EB84D41}.Release|Any CPU.Build.0 = Release|Any CPU
		{D5E28E2F-433E-43E5-AC08-5656E35EB876}.Debug|Any CPU.ActiveCfg = Debug|Any CPU
		{D5E28E2F-433E-43E5-AC08-5656E35EB876}.Debug|Any CPU.Build.0 = Debug|Any CPU
		{D5E28E2F-433E-43E5-AC08-5656E35EB876}.Release|Any CPU.ActiveCfg = Release|Any CPU
		{D5E28E2F-433E-43E5-AC08-5656E35EB876}.Release|Any CPU.Build.0 = Release|Any CPU
		{86DBA8AD-190B-473D-949E-498FA6210291}.Debug|Any CPU.ActiveCfg = Debug|Any CPU
		{86DBA8AD-190B-473D-949E-498FA6210291}.Debug|Any CPU.Build.0 = Debug|Any CPU
		{86DBA8AD-190B-473D-949E-498FA6210291}.Release|Any CPU.ActiveCfg = Release|Any CPU
		{86DBA8AD-190B-473D-949E-498FA6210291}.Release|Any CPU.Build.0 = Release|Any CPU
		{53698667-6064-448E-9D22-8E7FE889FFD6}.Debug|Any CPU.ActiveCfg = Debug|Any CPU
		{53698667-6064-448E-9D22-8E7FE889FFD6}.Debug|Any CPU.Build.0 = Debug|Any CPU
		{53698667-6064-448E-9D22-8E7FE889FFD6}.Release|Any CPU.ActiveCfg = Release|Any CPU
		{53698667-6064-448E-9D22-8E7FE889FFD6}.Release|Any CPU.Build.0 = Release|Any CPU
		{0C4F6303-324F-409F-BCB5-C9F2AE80DB0F}.Debug|Any CPU.ActiveCfg = Debug|Any CPU
		{0C4F6303-324F-409F-BCB5-C9F2AE80DB0F}.Debug|Any CPU.Build.0 = Debug|Any CPU
		{0C4F6303-324F-409F-BCB5-C9F2AE80DB0F}.Release|Any CPU.ActiveCfg = Release|Any CPU
		{0C4F6303-324F-409F-BCB5-C9F2AE80DB0F}.Release|Any CPU.Build.0 = Release|Any CPU
		{2099B789-78DB-409C-9B27-6EB4121A6CE2}.Debug|Any CPU.ActiveCfg = Debug|Any CPU
		{2099B789-78DB-409C-9B27-6EB4121A6CE2}.Debug|Any CPU.Build.0 = Debug|Any CPU
		{2099B789-78DB-409C-9B27-6EB4121A6CE2}.Release|Any CPU.ActiveCfg = Release|Any CPU
		{2099B789-78DB-409C-9B27-6EB4121A6CE2}.Release|Any CPU.Build.0 = Release|Any CPU
		{06651BBC-44AA-41D5-B513-AD6DE87EBD0F}.Debug|Any CPU.ActiveCfg = Debug|Any CPU
		{06651BBC-44AA-41D5-B513-AD6DE87EBD0F}.Debug|Any CPU.Build.0 = Debug|Any CPU
		{06651BBC-44AA-41D5-B513-AD6DE87EBD0F}.Release|Any CPU.ActiveCfg = Release|Any CPU
		{06651BBC-44AA-41D5-B513-AD6DE87EBD0F}.Release|Any CPU.Build.0 = Release|Any CPU
		{DBE591BF-75FC-4142-8A8F-195E3C17A0C4}.Debug|Any CPU.ActiveCfg = Debug|Any CPU
		{DBE591BF-75FC-4142-8A8F-195E3C17A0C4}.Debug|Any CPU.Build.0 = Debug|Any CPU
		{DBE591BF-75FC-4142-8A8F-195E3C17A0C4}.Release|Any CPU.ActiveCfg = Release|Any CPU
		{DBE591BF-75FC-4142-8A8F-195E3C17A0C4}.Release|Any CPU.Build.0 = Release|Any CPU
		{CEEF87C3-9CBD-46CD-A421-6D57109ED8F3}.Debug|Any CPU.ActiveCfg = Debug|Any CPU
		{CEEF87C3-9CBD-46CD-A421-6D57109ED8F3}.Debug|Any CPU.Build.0 = Debug|Any CPU
		{CEEF87C3-9CBD-46CD-A421-6D57109ED8F3}.Release|Any CPU.ActiveCfg = Release|Any CPU
		{CEEF87C3-9CBD-46CD-A421-6D57109ED8F3}.Release|Any CPU.Build.0 = Release|Any CPU
		{9B078993-FD51-45AF-AB88-AD95514E315D}.Debug|Any CPU.ActiveCfg = Debug|Any CPU
		{9B078993-FD51-45AF-AB88-AD95514E315D}.Debug|Any CPU.Build.0 = Debug|Any CPU
		{9B078993-FD51-45AF-AB88-AD95514E315D}.Release|Any CPU.ActiveCfg = Release|Any CPU
		{9B078993-FD51-45AF-AB88-AD95514E315D}.Release|Any CPU.Build.0 = Release|Any CPU
		{B34806DE-08EC-4830-A9F8-2D39B1F7FBB0}.Debug|Any CPU.ActiveCfg = Debug|Any CPU
		{B34806DE-08EC-4830-A9F8-2D39B1F7FBB0}.Debug|Any CPU.Build.0 = Debug|Any CPU
		{B34806DE-08EC-4830-A9F8-2D39B1F7FBB0}.Release|Any CPU.ActiveCfg = Release|Any CPU
		{B34806DE-08EC-4830-A9F8-2D39B1F7FBB0}.Release|Any CPU.Build.0 = Release|Any CPU
		{086A1067-76F3-4482-84E6-7C5B7E3D35FF}.Debug|Any CPU.ActiveCfg = Debug|Any CPU
		{086A1067-76F3-4482-84E6-7C5B7E3D35FF}.Debug|Any CPU.Build.0 = Debug|Any CPU
		{086A1067-76F3-4482-84E6-7C5B7E3D35FF}.Release|Any CPU.ActiveCfg = Release|Any CPU
		{086A1067-76F3-4482-84E6-7C5B7E3D35FF}.Release|Any CPU.Build.0 = Release|Any CPU
		{36437CF7-D3A9-4F62-996F-E48FAAB17CA3}.Debug|Any CPU.ActiveCfg = Debug|Any CPU
		{36437CF7-D3A9-4F62-996F-E48FAAB17CA3}.Debug|Any CPU.Build.0 = Debug|Any CPU
		{36437CF7-D3A9-4F62-996F-E48FAAB17CA3}.Release|Any CPU.ActiveCfg = Release|Any CPU
		{36437CF7-D3A9-4F62-996F-E48FAAB17CA3}.Release|Any CPU.Build.0 = Release|Any CPU
	EndGlobalSection
	GlobalSection(SolutionProperties) = preSolution
		HideSolutionNode = FALSE
	EndGlobalSection
	GlobalSection(ExtensibilityGlobals) = postSolution
		SolutionGuid = {21BCE559-ABD3-4DF2-8234-CDCA6A4F21F4}
	EndGlobalSection
EndGlobal
