
Microsoft Visual Studio Solution File, Format Version 12.00
# Visual Studio Version 17
VisualStudioVersion = 17.9.34607.119
MinimumVisualStudioVersion = 10.0.40219.1
Project("{FAE04EC0-301F-11D3-BF4B-00C04F79EFBC}") = "zad1", "zad1\zad1.csproj", "{7799D37C-2A69-4EB4-9924-4E5CBF4134A8}"
EndProject
Global
	GlobalSection(SolutionConfigurationPlatforms) = preSolution
		Debug|Any CPU = Debug|Any CPU
		Release|Any CPU = Release|Any CPU
	EndGlobalSection
	GlobalSection(ProjectConfigurationPlatforms) = postSolution
		{7799D37C-2A69-4EB4-9924-4E5CBF4134A8}.Debug|Any CPU.ActiveCfg = Debug|Any CPU
		{7799D37C-2A69-4EB4-9924-4E5CBF4134A8}.Debug|Any CPU.Build.0 = Debug|Any CPU
		{7799D37C-2A69-4EB4-9924-4E5CBF4134A8}.Release|Any CPU.ActiveCfg = Release|Any CPU
		{7799D37C-2A69-4EB4-9924-4E5CBF4134A8}.Release|Any CPU.Build.0 = Release|Any CPU
	EndGlobalSection
	GlobalSection(SolutionProperties) = preSolution
		HideSolutionNode = FALSE
	EndGlobalSection
	GlobalSection(ExtensibilityGlobals) = postSolution
		SolutionGuid = {F9300206-BBAD-48DF-8B20-EF5BCC5814B3}
	EndGlobalSection
EndGlobal
